
Microsoft Visual Studio Solution File, Format Version 12.00
# Visual Studio Version 17
VisualStudioVersion = 17.0.32014.148
MinimumVisualStudioVersion = 10.0.40219.1
Project("{FAE04EC0-301F-11D3-BF4B-00C04F79EFBC}") = "KafkaTest.Consumer", "KafkaTest.Consumer\KafkaTest.Consumer.csproj", "{A0A99E74-DC13-419D-8FC4-5C79BFDDACE1}"
EndProject
Project("{FAE04EC0-301F-11D3-BF4B-00C04F79EFBC}") = "KafkaTest.Producer", "KafkaTest.Producer\KafkaTest.Producer.csproj", "{89F9463A-28BE-4923-86E2-90D061F22CF9}"
EndProject
Project("{FAE04EC0-301F-11D3-BF4B-00C04F79EFBC}") = "KafkaTest.Setup", "KafkaTest.Setup\KafkaTest.Setup.csproj", "{821D5DCA-AC68-4617-A6C7-FF2E9AB94BEE}"
EndProject
Global
	GlobalSection(SolutionConfigurationPlatforms) = preSolution
		Debug|Any CPU = Debug|Any CPU
		Release|Any CPU = Release|Any CPU
	EndGlobalSection
	GlobalSection(ProjectConfigurationPlatforms) = postSolution
		{A0A99E74-DC13-419D-8FC4-5C79BFDDACE1}.Debug|Any CPU.ActiveCfg = Debug|Any CPU
		{A0A99E74-DC13-419D-8FC4-5C79BFDDACE1}.Debug|Any CPU.Build.0 = Debug|Any CPU
		{A0A99E74-DC13-419D-8FC4-5C79BFDDACE1}.Release|Any CPU.ActiveCfg = Release|Any CPU
		{A0A99E74-DC13-419D-8FC4-5C79BFDDACE1}.Release|Any CPU.Build.0 = Release|Any CPU
		{89F9463A-28BE-4923-86E2-90D061F22CF9}.Debug|Any CPU.ActiveCfg = Debug|Any CPU
		{89F9463A-28BE-4923-86E2-90D061F22CF9}.Debug|Any CPU.Build.0 = Debug|Any CPU
		{89F9463A-28BE-4923-86E2-90D061F22CF9}.Release|Any CPU.ActiveCfg = Release|Any CPU
		{89F9463A-28BE-4923-86E2-90D061F22CF9}.Release|Any CPU.Build.0 = Release|Any CPU
		{821D5DCA-AC68-4617-A6C7-FF2E9AB94BEE}.Debug|Any CPU.ActiveCfg = Debug|Any CPU
		{821D5DCA-AC68-4617-A6C7-FF2E9AB94BEE}.Debug|Any CPU.Build.0 = Debug|Any CPU
		{821D5DCA-AC68-4617-A6C7-FF2E9AB94BEE}.Release|Any CPU.ActiveCfg = Release|Any CPU
		{821D5DCA-AC68-4617-A6C7-FF2E9AB94BEE}.Release|Any CPU.Build.0 = Release|Any CPU
	EndGlobalSection
	GlobalSection(SolutionProperties) = preSolution
		HideSolutionNode = FALSE
	EndGlobalSection
	GlobalSection(ExtensibilityGlobals) = postSolution
		SolutionGuid = {BE552EE8-9BC7-42F7-A407-3EDC59BA4C40}
	EndGlobalSection
EndGlobal
